
Microsoft Visual Studio Solution File, Format Version 12.00
# Visual Studio Version 17
VisualStudioVersion = 17.7.34009.444
MinimumVisualStudioVersion = 10.0.40219.1
Project("{9A19103F-16F7-4668-BE54-9A1E7A4F7556}") = "LFUCache", "LFUCache\LFUCache.csproj", "{2E677A4A-59D9-46DB-A529-3101DEECE746}"
EndProject
Project("{9A19103F-16F7-4668-BE54-9A1E7A4F7556}") = "LFUCache.UnitTest", "LFUCache.UnitTest\LFUCache.UnitTest.csproj", "{62A8EB56-5814-4BA3-AA03-FD887E40FD3A}"
EndProject
Project("{9A19103F-16F7-4668-BE54-9A1E7A4F7556}") = "LFUCache.PerformanceTest", "LFUCache.PerformanceTest\LFUCache.PerformanceTest.csproj", "{7DBA5DCE-C889-4D2F-9CE1-DD97528EB438}"
EndProject
Global
	GlobalSection(SolutionConfigurationPlatforms) = preSolution
		Debug|Any CPU = Debug|Any CPU
		Release|Any CPU = Release|Any CPU
	EndGlobalSection
	GlobalSection(ProjectConfigurationPlatforms) = postSolution
		{2E677A4A-59D9-46DB-A529-3101DEECE746}.Debug|Any CPU.ActiveCfg = Debug|Any CPU
		{2E677A4A-59D9-46DB-A529-3101DEECE746}.Debug|Any CPU.Build.0 = Debug|Any CPU
		{2E677A4A-59D9-46DB-A529-3101DEECE746}.Release|Any CPU.ActiveCfg = Release|Any CPU
		{2E677A4A-59D9-46DB-A529-3101DEECE746}.Release|Any CPU.Build.0 = Release|Any CPU
		{62A8EB56-5814-4BA3-AA03-FD887E40FD3A}.Debug|Any CPU.ActiveCfg = Debug|Any CPU
		{62A8EB56-5814-4BA3-AA03-FD887E40FD3A}.Debug|Any CPU.Build.0 = Debug|Any CPU
		{62A8EB56-5814-4BA3-AA03-FD887E40FD3A}.Release|Any CPU.ActiveCfg = Release|Any CPU
		{62A8EB56-5814-4BA3-AA03-FD887E40FD3A}.Release|Any CPU.Build.0 = Release|Any CPU
		{7DBA5DCE-C889-4D2F-9CE1-DD97528EB438}.Debug|Any CPU.ActiveCfg = Debug|Any CPU
		{7DBA5DCE-C889-4D2F-9CE1-DD97528EB438}.Debug|Any CPU.Build.0 = Debug|Any CPU
		{7DBA5DCE-C889-4D2F-9CE1-DD97528EB438}.Release|Any CPU.ActiveCfg = Release|Any CPU
		{7DBA5DCE-C889-4D2F-9CE1-DD97528EB438}.Release|Any CPU.Build.0 = Release|Any CPU
	EndGlobalSection
	GlobalSection(SolutionProperties) = preSolution
		HideSolutionNode = FALSE
	EndGlobalSection
EndGlobal
